{
  "name": "tesfins",
  "version": "1.0.0",
  "lockfileVersion": 3,
  "requires": true,
  "packages": {
    "": {
      "name": "tesfins",
      "version": "1.0.0",
      "license": "ISC",
      "dependencies": {
        "date-and-time": "^3.0.2",
        "omron-fins": "^0.5.0"
      }
    },
    "node_modules/date-and-time": {
      "version": "3.0.2",
      "resolved": "https://registry.npmjs.org/date-and-time/-/date-and-time-3.0.2.tgz",
      "integrity": "sha512-MOqlRertOQmQI7ySbz6dKLM7Rxm9dgcPuBI9IL7NVe0UGqHPK+6hWSKVhLrVHxlSgQQtocE2R7+HFOf5aMz8vw=="
    },
    "node_modules/omron-fins": {
      "version": "0.5.0",
      "resolved": "https://registry.npmjs.org/omron-fins/-/omron-fins-0.5.0.tgz",
      "integrity": "sha512-cV+DHaDyzdoW9UP1SBOoa+lZHgZfGpvFRGPMMU8daoPk+nFn7b94vOcjz++VDweiVPmrzppI7uEbHE3qrmKM6g==",
      "engines": {
        "node": ">=6.0.0"
      }
    }
  }
}
