{
  "name": "tesfins",
  "version": "1.0.0",
  "lockfileVersion": 1,
  "requires": true,
  "dependencies": {
    "date-and-time": {
      "version": "3.0.2",
      "resolved": "https://registry.npmjs.org/date-and-time/-/date-and-time-3.0.2.tgz",
      "integrity": "sha512-MOqlRertOQmQI7ySbz6dKLM7Rxm9dgcPuBI9IL7NVe0UGqHPK+6hWSKVhLrVHxlSgQQtocE2R7+HFOf5aMz8vw=="
    },
    "omron-fins": {
      "version": "0.5.0"
    }
  }
}
